{
  "object": {
    "pins": [
      {
        "package": "Nano",
        "repositoryURL": "https://github.com/nanoxd/Nano",
        "state": {
          "branch": null,
          "revision": "6f17cc6a226fb7cfa8460b8e13082c9d9c05c482",
          "version": "0.0.4"
        }
      }
    ]
  },
  "version": 1
}
